
Microsoft Visual Studio Solution File, Format Version 12.00
# Visual Studio Version 17
VisualStudioVersion = 17.4.33213.308
MinimumVisualStudioVersion = 10.0.40219.1
Project("{FAE04EC0-301F-11D3-BF4B-00C04F79EFBC}") = "rutyna", "menu\rutyna.csproj", "{89EB5379-8C07-4D7C-A008-AD47136BAE12}"
EndProject
Global
	GlobalSection(SolutionConfigurationPlatforms) = preSolution
		Debug|Any CPU = Debug|Any CPU
		Release|Any CPU = Release|Any CPU
	EndGlobalSection
	GlobalSection(ProjectConfigurationPlatforms) = postSolution
		{89EB5379-8C07-4D7C-A008-AD47136BAE12}.Debug|Any CPU.ActiveCfg = Debug|Any CPU
		{89EB5379-8C07-4D7C-A008-AD47136BAE12}.Debug|Any CPU.Build.0 = Debug|Any CPU
		{89EB5379-8C07-4D7C-A008-AD47136BAE12}.Release|Any CPU.ActiveCfg = Release|Any CPU
		{89EB5379-8C07-4D7C-A008-AD47136BAE12}.Release|Any CPU.Build.0 = Release|Any CPU
	EndGlobalSection
	GlobalSection(SolutionProperties) = preSolution
		HideSolutionNode = FALSE
	EndGlobalSection
	GlobalSection(ExtensibilityGlobals) = postSolution
		SolutionGuid = {40DCB7E6-0F54-40F3-BE34-5710B1D8ECB3}
	EndGlobalSection
EndGlobal
